
Microsoft Visual Studio Solution File, Format Version 12.00
Project("{FAE04EC0-301F-11D3-BF4B-00C04F79EFBC}") = "Entrypoint", "Entrypoint\Entrypoint.csproj", "{46C41D28-141D-4C8F-BA92-1F5C491C75DC}"
	ProjectSection(ProjectDependencies) = postProject
		{E7AFCEBF-C345-4064-916F-832387E73F81} = {E7AFCEBF-C345-4064-916F-832387E73F81}
	EndProjectSection
EndProject
Project("{FAE04EC0-301F-11D3-BF4B-00C04F79EFBC}") = "RimWorldBootstrap", "RimWorldBootstrap\RimWorldBootstrap.csproj", "{F8CC0D5D-B2D9-4B4C-BD5B-80FA583C3EC9}"
	ProjectSection(ProjectDependencies) = postProject
		{E7AFCEBF-C345-4064-916F-832387E73F81} = {E7AFCEBF-C345-4064-916F-832387E73F81}
		{BB8B5800-F1C8-4B75-A327-FFD49047DB9F} = {BB8B5800-F1C8-4B75-A327-FFD49047DB9F}
	EndProjectSection
EndProject
Project("{FAE04EC0-301F-11D3-BF4B-00C04F79EFBC}") = "BootstrapApi", "BootstrapApi\BootstrapApi.csproj", "{E7AFCEBF-C345-4064-916F-832387E73F81}"
EndProject
Project("{FAE04EC0-301F-11D3-BF4B-00C04F79EFBC}") = "Bootstrap", "Bootstrap\Bootstrap.csproj", "{BB8B5800-F1C8-4B75-A327-FFD49047DB9F}"
	ProjectSection(ProjectDependencies) = postProject
		{E7AFCEBF-C345-4064-916F-832387E73F81} = {E7AFCEBF-C345-4064-916F-832387E73F81}
	EndProjectSection
EndProject
Global
	GlobalSection(SolutionConfigurationPlatforms) = preSolution
		Debug|Any CPU = Debug|Any CPU
		Release|Any CPU = Release|Any CPU
	EndGlobalSection
	GlobalSection(ProjectConfigurationPlatforms) = postSolution
		{46C41D28-141D-4C8F-BA92-1F5C491C75DC}.Debug|Any CPU.ActiveCfg = Debug|Any CPU
		{46C41D28-141D-4C8F-BA92-1F5C491C75DC}.Debug|Any CPU.Build.0 = Debug|Any CPU
		{46C41D28-141D-4C8F-BA92-1F5C491C75DC}.Release|Any CPU.ActiveCfg = Release|Any CPU
		{46C41D28-141D-4C8F-BA92-1F5C491C75DC}.Release|Any CPU.Build.0 = Release|Any CPU
		{F8CC0D5D-B2D9-4B4C-BD5B-80FA583C3EC9}.Debug|Any CPU.ActiveCfg = Debug|Any CPU
		{F8CC0D5D-B2D9-4B4C-BD5B-80FA583C3EC9}.Debug|Any CPU.Build.0 = Debug|Any CPU
		{F8CC0D5D-B2D9-4B4C-BD5B-80FA583C3EC9}.Release|Any CPU.ActiveCfg = Release|Any CPU
		{F8CC0D5D-B2D9-4B4C-BD5B-80FA583C3EC9}.Release|Any CPU.Build.0 = Release|Any CPU
		{E7AFCEBF-C345-4064-916F-832387E73F81}.Debug|Any CPU.ActiveCfg = Debug|Any CPU
		{E7AFCEBF-C345-4064-916F-832387E73F81}.Debug|Any CPU.Build.0 = Debug|Any CPU
		{E7AFCEBF-C345-4064-916F-832387E73F81}.Release|Any CPU.ActiveCfg = Release|Any CPU
		{E7AFCEBF-C345-4064-916F-832387E73F81}.Release|Any CPU.Build.0 = Release|Any CPU
		{BB8B5800-F1C8-4B75-A327-FFD49047DB9F}.Debug|Any CPU.ActiveCfg = Debug|Any CPU
		{BB8B5800-F1C8-4B75-A327-FFD49047DB9F}.Debug|Any CPU.Build.0 = Debug|Any CPU
		{BB8B5800-F1C8-4B75-A327-FFD49047DB9F}.Release|Any CPU.ActiveCfg = Release|Any CPU
		{BB8B5800-F1C8-4B75-A327-FFD49047DB9F}.Release|Any CPU.Build.0 = Release|Any CPU
	EndGlobalSection
EndGlobal
